// !$*UTF8*$!
{
	archiveVersion = 1;
	classes = {
	};
	objectVersion = 55;
	objects = {

/* Begin PBXBuildFile section */
		3CB7A5C3287857C3000E80E8 /* AppDelegate.swift in Sources */ = {isa = PBXBuildFile; fileRef = 3CB7A5C2287857C3000E80E8 /* AppDelegate.swift */; };
		3CB7A5C5287857C3000E80E8 /* SceneDelegate.swift in Sources */ = {isa = PBXBuildFile; fileRef = 3CB7A5C4287857C3000E80E8 /* SceneDelegate.swift */; };
		3CB7A5C7287857C3000E80E8 /* ViewController.swift in Sources */ = {isa = PBXBuildFile; fileRef = 3CB7A5C6287857C3000E80E8 /* ViewController.swift */; };
		3CB7A5CA287857C3000E80E8 /* Main.storyboard in Resources */ = {isa = PBXBuildFile; fileRef = 3CB7A5C8287857C3000E80E8 /* Main.storyboard */; };
		3CB7A5CD287857C3000E80E8 /* TestChat.xcdatamodeld in Sources */ = {isa = PBXBuildFile; fileRef = 3CB7A5CB287857C3000E80E8 /* TestChat.xcdatamodeld */; };
		3CB7A5CF287857C6000E80E8 /* Assets.xcassets in Resources */ = {isa = PBXBuildFile; fileRef = 3CB7A5CE287857C6000E80E8 /* Assets.xcassets */; };
		3CB7A5D2287857C6000E80E8 /* LaunchScreen.storyboard in Resources */ = {isa = PBXBuildFile; fileRef = 3CB7A5D0287857C6000E80E8 /* LaunchScreen.storyboard */; };
		3CB7A5DD28785920000E80E8 /* MainCustomView.swift in Sources */ = {isa = PBXBuildFile; fileRef = 3CB7A5DC28785920000E80E8 /* MainCustomView.swift */; };
		3CB7A5E02878610B000E80E8 /* NetworkManager.swift in Sources */ = {isa = PBXBuildFile; fileRef = 3CB7A5DF2878610B000E80E8 /* NetworkManager.swift */; };
		3CB7A5E22879C321000E80E8 /* TableViewCell.swift in Sources */ = {isa = PBXBuildFile; fileRef = 3CB7A5E12879C321000E80E8 /* TableViewCell.swift */; };
		3CB7A5E52879C3B9000E80E8 /* LabelPadding.swift in Sources */ = {isa = PBXBuildFile; fileRef = 3CB7A5E42879C3B9000E80E8 /* LabelPadding.swift */; };
		3CB7A5E7287A0E14000E80E8 /* DescriptionViewController.swift in Sources */ = {isa = PBXBuildFile; fileRef = 3CB7A5E6287A0E14000E80E8 /* DescriptionViewController.swift */; };
		3CB7A5E9287A0F6E000E80E8 /* DescriptionCustomView.swift in Sources */ = {isa = PBXBuildFile; fileRef = 3CB7A5E8287A0F6E000E80E8 /* DescriptionCustomView.swift */; };
		3CB7A5EB287A1314000E80E8 /* CoreDataManager.swift in Sources */ = {isa = PBXBuildFile; fileRef = 3CB7A5EA287A1314000E80E8 /* CoreDataManager.swift */; };
/* End PBXBuildFile section */

/* Begin PBXFileReference section */
		3CB7A5BF287857C3000E80E8 /* TestChat.app */ = {isa = PBXFileReference; explicitFileType = wrapper.application; includeInIndex = 0; path = TestChat.app; sourceTree = BUILT_PRODUCTS_DIR; };
		3CB7A5C2287857C3000E80E8 /* AppDelegate.swift */ = {isa = PBXFileReference; lastKnownFileType = sourcecode.swift; path = AppDelegate.swift; sourceTree = "<group>"; };
		3CB7A5C4287857C3000E80E8 /* SceneDelegate.swift */ = {isa = PBXFileReference; lastKnownFileType = sourcecode.swift; path = SceneDelegate.swift; sourceTree = "<group>"; };
		3CB7A5C6287857C3000E80E8 /* ViewController.swift */ = {isa = PBXFileReference; lastKnownFileType = sourcecode.swift; path = ViewController.swift; sourceTree = "<group>"; };
		3CB7A5C9287857C3000E80E8 /* Base */ = {isa = PBXFileReference; lastKnownFileType = file.storyboard; name = Base; path = Base.lproj/Main.storyboard; sourceTree = "<group>"; };
		3CB7A5CC287857C3000E80E8 /* TestChat.xcdatamodel */ = {isa = PBXFileReference; lastKnownFileType = wrapper.xcdatamodel; path = TestChat.xcdatamodel; sourceTree = "<group>"; };
		3CB7A5CE287857C6000E80E8 /* Assets.xcassets */ = {isa = PBXFileReference; lastKnownFileType = folder.assetcatalog; path = Assets.xcassets; sourceTree = "<group>"; };
		3CB7A5D1287857C6000E80E8 /* Base */ = {isa = PBXFileReference; lastKnownFileType = file.storyboard; name = Base; path = Base.lproj/LaunchScreen.storyboard; sourceTree = "<group>"; };
		3CB7A5D3287857C6000E80E8 /* Info.plist */ = {isa = PBXFileReference; lastKnownFileType = text.plist.xml; path = Info.plist; sourceTree = "<group>"; };
		3CB7A5DC28785920000E80E8 /* MainCustomView.swift */ = {isa = PBXFileReference; lastKnownFileType = sourcecode.swift; path = MainCustomView.swift; sourceTree = "<group>"; };
		3CB7A5DF2878610B000E80E8 /* NetworkManager.swift */ = {isa = PBXFileReference; lastKnownFileType = sourcecode.swift; path = NetworkManager.swift; sourceTree = "<group>"; };
		3CB7A5E12879C321000E80E8 /* TableViewCell.swift */ = {isa = PBXFileReference; lastKnownFileType = sourcecode.swift; path = TableViewCell.swift; sourceTree = "<group>"; };
		3CB7A5E42879C3B9000E80E8 /* LabelPadding.swift */ = {isa = PBXFileReference; lastKnownFileType = sourcecode.swift; path = LabelPadding.swift; sourceTree = "<group>"; };
		3CB7A5E6287A0E14000E80E8 /* DescriptionViewController.swift */ = {isa = PBXFileReference; lastKnownFileType = sourcecode.swift; path = DescriptionViewController.swift; sourceTree = "<group>"; };
		3CB7A5E8287A0F6E000E80E8 /* DescriptionCustomView.swift */ = {isa = PBXFileReference; lastKnownFileType = sourcecode.swift; path = DescriptionCustomView.swift; sourceTree = "<group>"; };
		3CB7A5EA287A1314000E80E8 /* CoreDataManager.swift */ = {isa = PBXFileReference; lastKnownFileType = sourcecode.swift; path = CoreDataManager.swift; sourceTree = "<group>"; };
/* End PBXFileReference section */

/* Begin PBXFrameworksBuildPhase section */
		3CB7A5BC287857C3000E80E8 /* Frameworks */ = {
			isa = PBXFrameworksBuildPhase;
			buildActionMask = 2147483647;
			files = (
			);
			runOnlyForDeploymentPostprocessing = 0;
		};
/* End PBXFrameworksBuildPhase section */

/* Begin PBXGroup section */
		3CB7A5B6287857C3000E80E8 = {
			isa = PBXGroup;
			children = (
				3CB7A5C1287857C3000E80E8 /* TestChat */,
				3CB7A5C0287857C3000E80E8 /* Products */,
			);
			sourceTree = "<group>";
		};
		3CB7A5C0287857C3000E80E8 /* Products */ = {
			isa = PBXGroup;
			children = (
				3CB7A5BF287857C3000E80E8 /* TestChat.app */,
			);
			name = Products;
			sourceTree = "<group>";
		};
		3CB7A5C1287857C3000E80E8 /* TestChat */ = {
			isa = PBXGroup;
			children = (
				3CB7A5D0287857C6000E80E8 /* LaunchScreen.storyboard */,
				3CB7A5C8287857C3000E80E8 /* Main.storyboard */,
				3CB7A5DA287857EF000E80E8 /* ViewControllers */,
				3CB7A5DB287858F8000E80E8 /* Views */,
				3CB7A5DE287860F4000E80E8 /* Managers */,
				3CB7A5D9287857D4000E80E8 /* Application */,
				3CB7A5CE287857C6000E80E8 /* Assets.xcassets */,
				3CB7A5D3287857C6000E80E8 /* Info.plist */,
				3CB7A5CB287857C3000E80E8 /* TestChat.xcdatamodeld */,
			);
			path = TestChat;
			sourceTree = "<group>";
		};
		3CB7A5D9287857D4000E80E8 /* Application */ = {
			isa = PBXGroup;
			children = (
				3CB7A5C2287857C3000E80E8 /* AppDelegate.swift */,
				3CB7A5C4287857C3000E80E8 /* SceneDelegate.swift */,
			);
			path = Application;
			sourceTree = "<group>";
		};
		3CB7A5DA287857EF000E80E8 /* ViewControllers */ = {
			isa = PBXGroup;
			children = (
				3CB7A5C6287857C3000E80E8 /* ViewController.swift */,
				3CB7A5E12879C321000E80E8 /* TableViewCell.swift */,
				3CB7A5E6287A0E14000E80E8 /* DescriptionViewController.swift */,
			);
			path = ViewControllers;
			sourceTree = "<group>";
		};
		3CB7A5DB287858F8000E80E8 /* Views */ = {
			isa = PBXGroup;
			children = (
				3CB7A5DC28785920000E80E8 /* MainCustomView.swift */,
				3CB7A5E42879C3B9000E80E8 /* LabelPadding.swift */,
				3CB7A5E8287A0F6E000E80E8 /* DescriptionCustomView.swift */,
			);
			path = Views;
			sourceTree = "<group>";
		};
		3CB7A5DE287860F4000E80E8 /* Managers */ = {
			isa = PBXGroup;
			children = (
				3CB7A5DF2878610B000E80E8 /* NetworkManager.swift */,
				3CB7A5EA287A1314000E80E8 /* CoreDataManager.swift */,
			);
			path = Managers;
			sourceTree = "<group>";
		};
/* End PBXGroup section */

/* Begin PBXNativeTarget section */
		3CB7A5BE287857C3000E80E8 /* TestChat */ = {
			isa = PBXNativeTarget;
			buildConfigurationList = 3CB7A5D6287857C6000E80E8 /* Build configuration list for PBXNativeTarget "TestChat" */;
			buildPhases = (
				3CB7A5BB287857C3000E80E8 /* Sources */,
				3CB7A5BC287857C3000E80E8 /* Frameworks */,
				3CB7A5BD287857C3000E80E8 /* Resources */,
			);
			buildRules = (
			);
			dependencies = (
			);
			name = TestChat;
			productName = TestChat;
			productReference = 3CB7A5BF287857C3000E80E8 /* TestChat.app */;
			productType = "com.apple.product-type.application";
		};
/* End PBXNativeTarget section */

/* Begin PBXProject section */
		3CB7A5B7287857C3000E80E8 /* Project object */ = {
			isa = PBXProject;
			attributes = {
				BuildIndependentTargetsInParallel = 1;
				LastSwiftUpdateCheck = 1340;
				LastUpgradeCheck = 1340;
				TargetAttributes = {
					3CB7A5BE287857C3000E80E8 = {
						CreatedOnToolsVersion = 13.4.1;
					};
				};
			};
			buildConfigurationList = 3CB7A5BA287857C3000E80E8 /* Build configuration list for PBXProject "TestChat" */;
			compatibilityVersion = "Xcode 13.0";
			developmentRegion = en;
			hasScannedForEncodings = 0;
			knownRegions = (
				en,
				Base,
			);
			mainGroup = 3CB7A5B6287857C3000E80E8;
			productRefGroup = 3CB7A5C0287857C3000E80E8 /* Products */;
			projectDirPath = "";
			projectRoot = "";
			targets = (
				3CB7A5BE287857C3000E80E8 /* TestChat */,
			);
		};
/* End PBXProject section */

/* Begin PBXResourcesBuildPhase section */
		3CB7A5BD287857C3000E80E8 /* Resources */ = {
			isa = PBXResourcesBuildPhase;
			buildActionMask = 2147483647;
			files = (
				3CB7A5D2287857C6000E80E8 /* LaunchScreen.storyboard in Resources */,
				3CB7A5CF287857C6000E80E8 /* Assets.xcassets in Resources */,
				3CB7A5CA287857C3000E80E8 /* Main.storyboard in Resources */,
			);
			runOnlyForDeploymentPostprocessing = 0;
		};
/* End PBXResourcesBuildPhase section */

/* Begin PBXSourcesBuildPhase section */
		3CB7A5BB287857C3000E80E8 /* Sources */ = {
			isa = PBXSourcesBuildPhase;
			buildActionMask = 2147483647;
			files = (
				3CB7A5E02878610B000E80E8 /* NetworkManager.swift in Sources */,
				3CB7A5DD28785920000E80E8 /* MainCustomView.swift in Sources */,
				3CB7A5E9287A0F6E000E80E8 /* DescriptionCustomView.swift in Sources */,
				3CB7A5C7287857C3000E80E8 /* ViewController.swift in Sources */,
				3CB7A5CD287857C3000E80E8 /* TestChat.xcdatamodeld in Sources */,
				3CB7A5E52879C3B9000E80E8 /* LabelPadding.swift in Sources */,
				3CB7A5C3287857C3000E80E8 /* AppDelegate.swift in Sources */,
				3CB7A5E7287A0E14000E80E8 /* DescriptionViewController.swift in Sources */,
				3CB7A5E22879C321000E80E8 /* TableViewCell.swift in Sources */,
				3CB7A5C5287857C3000E80E8 /* SceneDelegate.swift in Sources */,
				3CB7A5EB287A1314000E80E8 /* CoreDataManager.swift in Sources */,
			);
			runOnlyForDeploymentPostprocessing = 0;
		};
/* End PBXSourcesBuildPhase section */

/* Begin PBXVariantGroup section */
		3CB7A5C8287857C3000E80E8 /* Main.storyboard */ = {
			isa = PBXVariantGroup;
			children = (
				3CB7A5C9287857C3000E80E8 /* Base */,
			);
			name = Main.storyboard;
			sourceTree = "<group>";
		};
		3CB7A5D0287857C6000E80E8 /* LaunchScreen.storyboard */ = {
			isa = PBXVariantGroup;
			children = (
				3CB7A5D1287857C6000E80E8 /* Base */,
			);
			name = LaunchScreen.storyboard;
			sourceTree = "<group>";
		};
/* End PBXVariantGroup section */

/* Begin XCBuildConfiguration section */
		3CB7A5D4287857C6000E80E8 /* Debug */ = {
			isa = XCBuildConfiguration;
			buildSettings = {
				ALWAYS_SEARCH_USER_PATHS = NO;
				CLANG_ANALYZER_NONNULL = YES;
				CLANG_ANALYZER_NUMBER_OBJECT_CONVERSION = YES_AGGRESSIVE;
				CLANG_CXX_LANGUAGE_STANDARD = "gnu++17";
				CLANG_ENABLE_MODULES = YES;
				CLANG_ENABLE_OBJC_ARC = YES;
				CLANG_ENABLE_OBJC_WEAK = YES;
				CLANG_WARN_BLOCK_CAPTURE_AUTORELEASING = YES;
				CLANG_WARN_BOOL_CONVERSION = YES;
				CLANG_WARN_COMMA = YES;
				CLANG_WARN_CONSTANT_CONVERSION = YES;
				CLANG_WARN_DEPRECATED_OBJC_IMPLEMENTATIONS = YES;
				CLANG_WARN_DIRECT_OBJC_ISA_USAGE = YES_ERROR;
				CLANG_WARN_DOCUMENTATION_COMMENTS = YES;
				CLANG_WARN_EMPTY_BODY = YES;
				CLANG_WARN_ENUM_CONVERSION = YES;
				CLANG_WARN_INFINITE_RECURSION = YES;
				CLANG_WARN_INT_CONVERSION = YES;
				CLANG_WARN_NON_LITERAL_NULL_CONVERSION = YES;
				CLANG_WARN_OBJC_IMPLICIT_RETAIN_SELF = YES;
				CLANG_WARN_OBJC_LITERAL_CONVERSION = YES;
				CLANG_WARN_OBJC_ROOT_CLASS = YES_ERROR;
				CLANG_WARN_QUOTED_INCLUDE_IN_FRAMEWORK_HEADER = YES;
				CLANG_WARN_RANGE_LOOP_ANALYSIS = YES;
				CLANG_WARN_STRICT_PROTOTYPES = YES;
				CLANG_WARN_SUSPICIOUS_MOVE = YES;
				CLANG_WARN_UNGUARDED_AVAILABILITY = YES_AGGRESSIVE;
				CLANG_WARN_UNREACHABLE_CODE = YES;
				CLANG_WARN__DUPLICATE_METHOD_MATCH = YES;
				COPY_PHASE_STRIP = NO;
				DEBUG_INFORMATION_FORMAT = dwarf;
				ENABLE_STRICT_OBJC_MSGSEND = YES;
				ENABLE_TESTABILITY = YES;
				GCC_C_LANGUAGE_STANDARD = gnu11;
				GCC_DYNAMIC_NO_PIC = NO;
				GCC_NO_COMMON_BLOCKS = YES;
				GCC_OPTIMIZATION_LEVEL = 0;
				GCC_PREPROCESSOR_DEFINITIONS = (
					"DEBUG=1",
					"$(inherited)",
				);
				GCC_WARN_64_TO_32_BIT_CONVERSION = YES;
				GCC_WARN_ABOUT_RETURN_TYPE = YES_ERROR;
				GCC_WARN_UNDECLARED_SELECTOR = YES;
				GCC_WARN_UNINITIALIZED_AUTOS = YES_AGGRESSIVE;
				GCC_WARN_UNUSED_FUNCTION = YES;
				GCC_WARN_UNUSED_VARIABLE = YES;
				IPHONEOS_DEPLOYMENT_TARGET = 15.5;
				MTL_ENABLE_DEBUG_INFO = INCLUDE_SOURCE;
				MTL_FAST_MATH = YES;
				ONLY_ACTIVE_ARCH = YES;
				SDKROOT = iphoneos;
				SWIFT_ACTIVE_COMPILATION_CONDITIONS = DEBUG;
				SWIFT_OPTIMIZATION_LEVEL = "-Onone";
			};
			name = Debug;
		};
		3CB7A5D5287857C6000E80E8 /* Release */ = {
			isa = XCBuildConfiguration;
			buildSettings = {
				ALWAYS_SEARCH_USER_PATHS = NO;
				CLANG_ANALYZER_NONNULL = YES;
				CLANG_ANALYZER_NUMBER_OBJECT_CONVERSION = YES_AGGRESSIVE;
				CLANG_CXX_LANGUAGE_STANDARD = "gnu++17";
				CLANG_ENABLE_MODULES = YES;
				CLANG_ENABLE_OBJC_ARC = YES;
				CLANG_ENABLE_OBJC_WEAK = YES;
				CLANG_WARN_BLOCK_CAPTURE_AUTORELEASING = YES;
				CLANG_WARN_BOOL_CONVERSION = YES;
				CLANG_WARN_COMMA = YES;
				CLANG_WARN_CONSTANT_CONVERSION = YES;
				CLANG_WARN_DEPRECATED_OBJC_IMPLEMENTATIONS = YES;
				CLANG_WARN_DIRECT_OBJC_ISA_USAGE = YES_ERROR;
				CLANG_WARN_DOCUMENTATION_COMMENTS = YES;
				CLANG_WARN_EMPTY_BODY = YES;
				CLANG_WARN_ENUM_CONVERSION = YES;
				CLANG_WARN_INFINITE_RECURSION = YES;
				CLANG_WARN_INT_CONVERSION = YES;
				CLANG_WARN_NON_LITERAL_NULL_CONVERSION = YES;
				CLANG_WARN_OBJC_IMPLICIT_RETAIN_SELF = YES;
				CLANG_WARN_OBJC_LITERAL_CONVERSION = YES;
				CLANG_WARN_OBJC_ROOT_CLASS = YES_ERROR;
				CLANG_WARN_QUOTED_INCLUDE_IN_FRAMEWORK_HEADER = YES;
				CLANG_WARN_RANGE_LOOP_ANALYSIS = YES;
				CLANG_WARN_STRICT_PROTOTYPES = YES;
				CLANG_WARN_SUSPICIOUS_MOVE = YES;
				CLANG_WARN_UNGUARDED_AVAILABILITY = YES_AGGRESSIVE;
				CLANG_WARN_UNREACHABLE_CODE = YES;
				CLANG_WARN__DUPLICATE_METHOD_MATCH = YES;
				COPY_PHASE_STRIP = NO;
				DEBUG_INFORMATION_FORMAT = "dwarf-with-dsym";
				ENABLE_NS_ASSERTIONS = NO;
				ENABLE_STRICT_OBJC_MSGSEND = YES;
				GCC_C_LANGUAGE_STANDARD = gnu11;
				GCC_NO_COMMON_BLOCKS = YES;
				GCC_WARN_64_TO_32_BIT_CONVERSION = YES;
				GCC_WARN_ABOUT_RETURN_TYPE = YES_ERROR;
				GCC_WARN_UNDECLARED_SELECTOR = YES;
				GCC_WARN_UNINITIALIZED_AUTOS = YES_AGGRESSIVE;
				GCC_WARN_UNUSED_FUNCTION = YES;
				GCC_WARN_UNUSED_VARIABLE = YES;
				IPHONEOS_DEPLOYMENT_TARGET = 15.5;
				MTL_ENABLE_DEBUG_INFO = NO;
				MTL_FAST_MATH = YES;
				SDKROOT = iphoneos;
				SWIFT_COMPILATION_MODE = wholemodule;
				SWIFT_OPTIMIZATION_LEVEL = "-O";
				VALIDATE_PRODUCT = YES;
			};
			name = Release;
		};
		3CB7A5D7287857C6000E80E8 /* Debug */ = {
			isa = XCBuildConfiguration;
			buildSettings = {
				ASSETCATALOG_COMPILER_APPICON_NAME = AppIcon;
				ASSETCATALOG_COMPILER_GLOBAL_ACCENT_COLOR_NAME = AccentColor;
				CODE_SIGN_STYLE = Automatic;
				CURRENT_PROJECT_VERSION = 1;
				DEVELOPMENT_TEAM = MMLYXGU647;
				GENERATE_INFOPLIST_FILE = YES;
				INFOPLIST_FILE = TestChat/Info.plist;
				INFOPLIST_KEY_UIApplicationSupportsIndirectInputEvents = YES;
				INFOPLIST_KEY_UILaunchStoryboardName = LaunchScreen;
				INFOPLIST_KEY_UIMainStoryboardFile = Main;
				INFOPLIST_KEY_UISupportedInterfaceOrientations_iPad = "UIInterfaceOrientationPortrait UIInterfaceOrientationPortraitUpsideDown UIInterfaceOrientationLandscapeLeft UIInterfaceOrientationLandscapeRight";
				INFOPLIST_KEY_UISupportedInterfaceOrientations_iPhone = "UIInterfaceOrientationPortrait UIInterfaceOrientationLandscapeLeft UIInterfaceOrientationLandscapeRight";
				LD_RUNPATH_SEARCH_PATHS = (
					"$(inherited)",
					"@executable_path/Frameworks",
				);
				MARKETING_VERSION = 1.0;
				PRODUCT_BUNDLE_IDENTIFIER = ru.tekmya.TestChat;
				PRODUCT_NAME = "$(TARGET_NAME)";
				SWIFT_EMIT_LOC_STRINGS = YES;
				SWIFT_VERSION = 5.0;
				TARGETED_DEVICE_FAMILY = "1,2";
			};
			name = Debug;
		};
		3CB7A5D8287857C6000E80E8 /* Release */ = {
			isa = XCBuildConfiguration;
			buildSettings = {
				ASSETCATALOG_COMPILER_APPICON_NAME = AppIcon;
				ASSETCATALOG_COMPILER_GLOBAL_ACCENT_COLOR_NAME = AccentColor;
				CODE_SIGN_STYLE = Automatic;
				CURRENT_PROJECT_VERSION = 1;
				DEVELOPMENT_TEAM = MMLYXGU647;
				GENERATE_INFOPLIST_FILE = YES;
				INFOPLIST_FILE = TestChat/Info.plist;
				INFOPLIST_KEY_UIApplicationSupportsIndirectInputEvents = YES;
				INFOPLIST_KEY_UILaunchStoryboardName = LaunchScreen;
				INFOPLIST_KEY_UIMainStoryboardFile = Main;
				INFOPLIST_KEY_UISupportedInterfaceOrientations_iPad = "UIInterfaceOrientationPortrait UIInterfaceOrientationPortraitUpsideDown UIInterfaceOrientationLandscapeLeft UIInterfaceOrientationLandscapeRight";
				INFOPLIST_KEY_UISupportedInterfaceOrientations_iPhone = "UIInterfaceOrientationPortrait UIInterfaceOrientationLandscapeLeft UIInterfaceOrientationLandscapeRight";
				LD_RUNPATH_SEARCH_PATHS = (
					"$(inherited)",
					"@executable_path/Frameworks",
				);
				MARKETING_VERSION = 1.0;
				PRODUCT_BUNDLE_IDENTIFIER = ru.tekmya.TestChat;
				PRODUCT_NAME = "$(TARGET_NAME)";
				SWIFT_EMIT_LOC_STRINGS = YES;
				SWIFT_VERSION = 5.0;
				TARGETED_DEVICE_FAMILY = "1,2";
			};
			name = Release;
		};
/* End XCBuildConfiguration section */

/* Begin XCConfigurationList section */
		3CB7A5BA287857C3000E80E8 /* Build configuration list for PBXProject "TestChat" */ = {
			isa = XCConfigurationList;
			buildConfigurations = (
				3CB7A5D4287857C6000E80E8 /* Debug */,
				3CB7A5D5287857C6000E80E8 /* Release */,
			);
			defaultConfigurationIsVisible = 0;
			defaultConfigurationName = Release;
		};
		3CB7A5D6287857C6000E80E8 /* Build configuration list for PBXNativeTarget "TestChat" */ = {
			isa = XCConfigurationList;
			buildConfigurations = (
				3CB7A5D7287857C6000E80E8 /* Debug */,
				3CB7A5D8287857C6000E80E8 /* Release */,
			);
			defaultConfigurationIsVisible = 0;
			defaultConfigurationName = Release;
		};
/* End XCConfigurationList section */

/* Begin XCVersionGroup section */
		3CB7A5CB287857C3000E80E8 /* TestChat.xcdatamodeld */ = {
			isa = XCVersionGroup;
			children = (
				3CB7A5CC287857C3000E80E8 /* TestChat.xcdatamodel */,
			);
			currentVersion = 3CB7A5CC287857C3000E80E8 /* TestChat.xcdatamodel */;
			path = TestChat.xcdatamodeld;
			sourceTree = "<group>";
			versionGroupType = wrapper.xcdatamodel;
		};
/* End XCVersionGroup section */
	};
	rootObject = 3CB7A5B7287857C3000E80E8 /* Project object */;
}
